Microsoft Visual Studio Solution File, Format Version 12.00
# Visual Studio Version 18
VisualStudioVersion = 18.3.11512.155
MinimumVisualStudioVersion = 10.0.40219.1
Project("{9A19103F-16F7-4668-BE54-9A1E7A4F7556}") = "Sarifintown.UI", "Sarifintown\Sarifintown.UI.csproj", "{69ECCA96-E434-49D3-989E-CD6B7773715C}"
EndProject
Project("{FAE04EC0-301F-11D3-BF4B-00C04F79EFBC}") = "Sarifintown.UI.Tests", "Sarifintown.Tests\Sarifintown.UI.Tests.csproj", "{75CECCCA-4789-4555-975B-5E772FD99208}"
EndProject
Project("{2150E333-8FDC-42A3-9474-1A3956D46DE8}") = "Solution Items", "Solution Items", "{8EC462FD-D22E-90A8-E5CE-7E832BA40C5D}"
	ProjectSection(SolutionItems) = preProject
		LICENSE = LICENSE
		MCP_SETUP.md = MCP_SETUP.md
		README.md = README.md
	EndProjectSection
EndProject
Project("{2150E333-8FDC-42A3-9474-1A3956D46DE8}") = ".github", ".github", "{80B80030-A9F5-4D4A-87E2-80564E64BB42}"
	ProjectSection(SolutionItems) = preProject
		.github\copilot-instructions.md = .github\copilot-instructions.md
	EndProjectSection
EndProject
Project("{2150E333-8FDC-42A3-9474-1A3956D46DE8}") = "workflows", "workflows", "{576B9CE5-075C-4E4C-B034-253ADC64D5B1}"
	ProjectSection(SolutionItems) = preProject
		.github\workflows\dotnet.yml = .github\workflows\dotnet.yml
		.github\workflows\e2e-playwright.yml = .github\workflows\e2e-playwright.yml
	EndProjectSection
EndProject
Project("{FAE04EC0-301F-11D3-BF4B-00C04F79EFBC}") = "Sarifintown.Core", "Sarifintown.Core\Sarifintown.Core.csproj", "{B2B08E1B-2B6F-4B1C-A3E1-87FB057F2A1F}"
EndProject
Project("{FAE04EC0-301F-11D3-BF4B-00C04F79EFBC}") = "Sarifintown.Engine", "Sarifintown.AgentEngine\Sarifintown.Engine.csproj", "{92D84CDA-6203-9FCF-A448-4BEAB5E92476}"
EndProject
Project("{FAE04EC0-301F-11D3-BF4B-00C04F79EFBC}") = "Sarifintown.Core.Tests", "Sarifintown.Core.Tests\Sarifintown.Core.Tests.csproj", "{5539053E-9CDC-4385-8D1B-67F67C5AD5EC}"
EndProject
Project("{FAE04EC0-301F-11D3-BF4B-00C04F79EFBC}") = "Sarifintown.Engine.Tests", "Sarifintown.AgentEngine.Tests\Sarifintown.Engine.Tests.csproj", "{4765B0F9-9B5F-46D0-BCCD-F1AB026C4B77}"
EndProject
Project("{2150E333-8FDC-42A3-9474-1A3956D46DE8}") = ".sarif", ".sarif", "{5A884CF5-B87C-4DAC-9125-F7CF7566D5C8}"
EndProject
Project("{2150E333-8FDC-42A3-9474-1A3956D46DE8}") = "sarifintown-prompts", "sarifintown-prompts", "{80ADFFAA-0E55-40A3-BE31-CDCE7D2B1B4B}"
EndProject
Project("{2150E333-8FDC-42A3-9474-1A3956D46DE8}") = "base", "base", "{1464E160-6CB0-42B5-83A8-460352579E8A}"
	ProjectSection(SolutionItems) = preProject
		.sarif\sarifintown-prompts\base\core-directive.md = .sarif\sarifintown-prompts\base\core-directive.md
		.sarif\sarifintown-prompts\base\output-format.md = .sarif\sarifintown-prompts\base\output-format.md
	EndProjectSection
EndProject
Project("{2150E333-8FDC-42A3-9474-1A3956D46DE8}") = "categories", "categories", "{370D8DB6-9254-4A68-A81D-9B8521EB3E21}"
	ProjectSection(SolutionItems) = preProject
		.sarif\sarifintown-prompts\categories\sast-sanitizers.md = .sarif\sarifintown-prompts\categories\sast-sanitizers.md
		.sarif\sarifintown-prompts\categories\sast.md = .sarif\sarifintown-prompts\categories\sast.md
		.sarif\sarifintown-prompts\categories\sca.md = .sarif\sarifintown-prompts\categories\sca.md
		.sarif\sarifintown-prompts\categories\secret.md = .sarif\sarifintown-prompts\categories\secret.md
	EndProjectSection
EndProject
Project("{2150E333-8FDC-42A3-9474-1A3956D46DE8}") = "org-overrides", "org-overrides", "{167BC373-7F07-4929-93BC-705849892E64}"
EndProject
Global
	GlobalSection(SolutionConfigurationPlatforms) = preSolution
		Debug|Any CPU = Debug|Any CPU
		Debug|x64 = Debug|x64
		Debug|x86 = Debug|x86
		Release|Any CPU = Release|Any CPU
		Release|x64 = Release|x64
		Release|x86 = Release|x86
	EndGlobalSection
	GlobalSection(ProjectConfigurationPlatforms) = postSolution
		{69ECCA96-E434-49D3-989E-CD6B7773715C}.Debug|Any CPU.ActiveCfg = Debug|Any CPU
		{69ECCA96-E434-49D3-989E-CD6B7773715C}.Debug|Any CPU.Build.0 = Debug|Any CPU
		{69ECCA96-E434-49D3-989E-CD6B7773715C}.Debug|x64.ActiveCfg = Debug|Any CPU
		{69ECCA96-E434-49D3-989E-CD6B7773715C}.Debug|x64.Build.0 = Debug|Any CPU
		{69ECCA96-E434-49D3-989E-CD6B7773715C}.Debug|x86.ActiveCfg = Debug|Any CPU
		{69ECCA96-E434-49D3-989E-CD6B7773715C}.Debug|x86.Build.0 = Debug|Any CPU
		{69ECCA96-E434-49D3-989E-CD6B7773715C}.Release|Any CPU.ActiveCfg = Release|Any CPU
		{69ECCA96-E434-49D3-989E-CD6B7773715C}.Release|Any CPU.Build.0 = Release|Any CPU
		{69ECCA96-E434-49D3-989E-CD6B7773715C}.Release|x64.ActiveCfg = Release|Any CPU
		{69ECCA96-E434-49D3-989E-CD6B7773715C}.Release|x64.Build.0 = Release|Any CPU
		{69ECCA96-E434-49D3-989E-CD6B7773715C}.Release|x86.ActiveCfg = Release|Any CPU
		{69ECCA96-E434-49D3-989E-CD6B7773715C}.Release|x86.Build.0 = Release|Any CPU
		{75CECCCA-4789-4555-975B-5E772FD99208}.Debug|Any CPU.ActiveCfg = Debug|Any CPU
		{75CECCCA-4789-4555-975B-5E772FD99208}.Debug|Any CPU.Build.0 = Debug|Any CPU
		{75CECCCA-4789-4555-975B-5E772FD99208}.Debug|x64.ActiveCfg = Debug|Any CPU
		{75CECCCA-4789-4555-975B-5E772FD99208}.Debug|x64.Build.0 = Debug|Any CPU
		{75CECCCA-4789-4555-975B-5E772FD99208}.Debug|x86.ActiveCfg = Debug|Any CPU
		{75CECCCA-4789-4555-975B-5E772FD99208}.Debug|x86.Build.0 = Debug|Any CPU
		{75CECCCA-4789-4555-975B-5E772FD99208}.Release|Any CPU.ActiveCfg = Release|Any CPU
		{75CECCCA-4789-4555-975B-5E772FD99208}.Release|Any CPU.Build.0 = Release|Any CPU
		{75CECCCA-4789-4555-975B-5E772FD99208}.Release|x64.ActiveCfg = Release|Any CPU
		{75CECCCA-4789-4555-975B-5E772FD99208}.Release|x64.Build.0 = Release|Any CPU
		{75CECCCA-4789-4555-975B-5E772FD99208}.Release|x86.ActiveCfg = Release|Any CPU
		{75CECCCA-4789-4555-975B-5E772FD99208}.Release|x86.Build.0 = Release|Any CPU
		{B2B08E1B-2B6F-4B1C-A3E1-87FB057F2A1F}.Debug|Any CPU.ActiveCfg = Debug|Any CPU
		{B2B08E1B-2B6F-4B1C-A3E1-87FB057F2A1F}.Debug|Any CPU.Build.0 = Debug|Any CPU
		{B2B08E1B-2B6F-4B1C-A3E1-87FB057F2A1F}.Debug|x64.ActiveCfg = Debug|Any CPU
		{B2B08E1B-2B6F-4B1C-A3E1-87FB057F2A1F}.Debug|x64.Build.0 = Debug|Any CPU
		{B2B08E1B-2B6F-4B1C-A3E1-87FB057F2A1F}.Debug|x86.ActiveCfg = Debug|Any CPU
		{B2B08E1B-2B6F-4B1C-A3E1-87FB057F2A1F}.Debug|x86.Build.0 = Debug|Any CPU
		{B2B08E1B-2B6F-4B1C-A3E1-87FB057F2A1F}.Release|Any CPU.ActiveCfg = Release|Any CPU
		{B2B08E1B-2B6F-4B1C-A3E1-87FB057F2A1F}.Release|Any CPU.Build.0 = Release|Any CPU
		{B2B08E1B-2B6F-4B1C-A3E1-87FB057F2A1F}.Release|x64.ActiveCfg = Release|Any CPU
		{B2B08E1B-2B6F-4B1C-A3E1-87FB057F2A1F}.Release|x64.Build.0 = Release|Any CPU
		{B2B08E1B-2B6F-4B1C-A3E1-87FB057F2A1F}.Release|x86.ActiveCfg = Release|Any CPU
		{B2B08E1B-2B6F-4B1C-A3E1-87FB057F2A1F}.Release|x86.Build.0 = Release|Any CPU
		{92D84CDA-6203-9FCF-A448-4BEAB5E92476}.Debug|Any CPU.ActiveCfg = Debug|Any CPU
		{92D84CDA-6203-9FCF-A448-4BEAB5E92476}.Debug|Any CPU.Build.0 = Debug|Any CPU
		{92D84CDA-6203-9FCF-A448-4BEAB5E92476}.Debug|x64.ActiveCfg = Debug|Any CPU
		{92D84CDA-6203-9FCF-A448-4BEAB5E92476}.Debug|x64.Build.0 = Debug|Any CPU
		{92D84CDA-6203-9FCF-A448-4BEAB5E92476}.Debug|x86.ActiveCfg = Debug|Any CPU
		{92D84CDA-6203-9FCF-A448-4BEAB5E92476}.Debug|x86.Build.0 = Debug|Any CPU
		{92D84CDA-6203-9FCF-A448-4BEAB5E92476}.Release|Any CPU.ActiveCfg = Release|Any CPU
		{92D84CDA-6203-9FCF-A448-4BEAB5E92476}.Release|Any CPU.Build.0 = Release|Any CPU
		{92D84CDA-6203-9FCF-A448-4BEAB5E92476}.Release|x64.ActiveCfg = Release|Any CPU
		{92D84CDA-6203-9FCF-A448-4BEAB5E92476}.Release|x64.Build.0 = Release|Any CPU
		{92D84CDA-6203-9FCF-A448-4BEAB5E92476}.Release|x86.ActiveCfg = Release|Any CPU
		{92D84CDA-6203-9FCF-A448-4BEAB5E92476}.Release|x86.Build.0 = Release|Any CPU
		{5539053E-9CDC-4385-8D1B-67F67C5AD5EC}.Debug|Any CPU.ActiveCfg = Debug|Any CPU
		{5539053E-9CDC-4385-8D1B-67F67C5AD5EC}.Debug|Any CPU.Build.0 = Debug|Any CPU
		{5539053E-9CDC-4385-8D1B-67F67C5AD5EC}.Debug|x64.ActiveCfg = Debug|Any CPU
		{5539053E-9CDC-4385-8D1B-67F67C5AD5EC}.Debug|x64.Build.0 = Debug|Any CPU
		{5539053E-9CDC-4385-8D1B-67F67C5AD5EC}.Debug|x86.ActiveCfg = Debug|Any CPU
		{5539053E-9CDC-4385-8D1B-67F67C5AD5EC}.Debug|x86.Build.0 = Debug|Any CPU
		{5539053E-9CDC-4385-8D1B-67F67C5AD5EC}.Release|Any CPU.ActiveCfg = Release|Any CPU
		{5539053E-9CDC-4385-8D1B-67F67C5AD5EC}.Release|Any CPU.Build.0 = Release|Any CPU
		{5539053E-9CDC-4385-8D1B-67F67C5AD5EC}.Release|x64.ActiveCfg = Release|Any CPU
		{5539053E-9CDC-4385-8D1B-67F67C5AD5EC}.Release|x64.Build.0 = Release|Any CPU
		{5539053E-9CDC-4385-8D1B-67F67C5AD5EC}.Release|x86.ActiveCfg = Release|Any CPU
		{5539053E-9CDC-4385-8D1B-67F67C5AD5EC}.Release|x86.Build.0 = Release|Any CPU
		{4765B0F9-9B5F-46D0-BCCD-F1AB026C4B77}.Debug|Any CPU.ActiveCfg = Debug|Any CPU
		{4765B0F9-9B5F-46D0-BCCD-F1AB026C4B77}.Debug|Any CPU.Build.0 = Debug|Any CPU
		{4765B0F9-9B5F-46D0-BCCD-F1AB026C4B77}.Debug|x64.ActiveCfg = Debug|Any CPU
		{4765B0F9-9B5F-46D0-BCCD-F1AB026C4B77}.Debug|x64.Build.0 = Debug|Any CPU
		{4765B0F9-9B5F-46D0-BCCD-F1AB026C4B77}.Debug|x86.ActiveCfg = Debug|Any CPU
		{4765B0F9-9B5F-46D0-BCCD-F1AB026C4B77}.Debug|x86.Build.0 = Debug|Any CPU
		{4765B0F9-9B5F-46D0-BCCD-F1AB026C4B77}.Release|Any CPU.ActiveCfg = Release|Any CPU
		{4765B0F9-9B5F-46D0-BCCD-F1AB026C4B77}.Release|Any CPU.Build.0 = Release|Any CPU
		{4765B0F9-9B5F-46D0-BCCD-F1AB026C4B77}.Release|x64.ActiveCfg = Release|Any CPU
		{4765B0F9-9B5F-46D0-BCCD-F1AB026C4B77}.Release|x64.Build.0 = Release|Any CPU
		{4765B0F9-9B5F-46D0-BCCD-F1AB026C4B77}.Release|x86.ActiveCfg = Release|Any CPU
		{4765B0F9-9B5F-46D0-BCCD-F1AB026C4B77}.Release|x86.Build.0 = Release|Any CPU
	EndGlobalSection
	GlobalSection(SolutionProperties) = preSolution
		HideSolutionNode = FALSE
	EndGlobalSection
	GlobalSection(NestedProjects) = preSolution
		{80B80030-A9F5-4D4A-87E2-80564E64BB42} = {8EC462FD-D22E-90A8-E5CE-7E832BA40C5D}
		{576B9CE5-075C-4E4C-B034-253ADC64D5B1} = {80B80030-A9F5-4D4A-87E2-80564E64BB42}
		{5A884CF5-B87C-4DAC-9125-F7CF7566D5C8} = {8EC462FD-D22E-90A8-E5CE-7E832BA40C5D}
		{80ADFFAA-0E55-40A3-BE31-CDCE7D2B1B4B} = {5A884CF5-B87C-4DAC-9125-F7CF7566D5C8}
		{1464E160-6CB0-42B5-83A8-460352579E8A} = {80ADFFAA-0E55-40A3-BE31-CDCE7D2B1B4B}
		{370D8DB6-9254-4A68-A81D-9B8521EB3E21} = {80ADFFAA-0E55-40A3-BE31-CDCE7D2B1B4B}
		{167BC373-7F07-4929-93BC-705849892E64} = {80ADFFAA-0E55-40A3-BE31-CDCE7D2B1B4B}
	EndGlobalSection
	GlobalSection(ExtensibilityGlobals) = postSolution
		SolutionGuid = {7C016A35-4086-4FD0-A2BB-24C5E8ADFA92}
	EndGlobalSection
EndGlobal
